// !$*UTF8*$!
{
	archiveVersion = 1;
	classes = {
	};
	objectVersion = 46;
	objects = {

/* Begin PBXBuildFile section */
		403D12CE1F2C6D990031853A /* AppDelegate.swift in Sources */ = {isa = PBXBuildFile; fileRef = 403D12CD1F2C6D990031853A /* AppDelegate.swift */; };
		403D12D01F2C6D990031853A /* ViewController.swift in Sources */ = {isa = PBXBuildFile; fileRef = 403D12CF1F2C6D990031853A /* ViewController.swift */; };
		403D12D31F2C6D990031853A /* Main.storyboard in Resources */ = {isa = PBXBuildFile; fileRef = 403D12D11F2C6D990031853A /* Main.storyboard */; };
		403D12D51F2C6D990031853A /* Assets.xcassets in Resources */ = {isa = PBXBuildFile; fileRef = 403D12D41F2C6D990031853A /* Assets.xcassets */; };
		403D12D81F2C6D990031853A /* LaunchScreen.storyboard in Resources */ = {isa = PBXBuildFile; fileRef = 403D12D61F2C6D990031853A /* LaunchScreen.storyboard */; };
/* End PBXBuildFile section */

/* Begin PBXFileReference section */
		403D12CA1F2C6D990031853A /* FunnyLetter.app */ = {isa = PBXFileReference; explicitFileType = wrapper.application; includeInIndex = 0; path = FunnyLetter.app; sourceTree = BUILT_PRODUCTS_DIR; };
		403D12CD1F2C6D990031853A /* AppDelegate.swift */ = {isa = PBXFileReference; lastKnownFileType = sourcecode.swift; path = AppDelegate.swift; sourceTree = "<group>"; };
		403D12CF1F2C6D990031853A /* ViewController.swift */ = {isa = PBXFileReference; lastKnownFileType = sourcecode.swift; path = ViewController.swift; sourceTree = "<group>"; };
		403D12D21F2C6D990031853A /* Base */ = {isa = PBXFileReference; lastKnownFileType = file.storyboard; name = Base; path = Base.lproj/Main.storyboard; sourceTree = "<group>"; };
		403D12D41F2C6D990031853A /* Assets.xcassets */ = {isa = PBXFileReference; lastKnownFileType = folder.assetcatalog; path = Assets.xcassets; sourceTree = "<group>"; };
		403D12D71F2C6D990031853A /* Base */ = {isa = PBXFileReference; lastKnownFileType = file.storyboard; name = Base; path = Base.lproj/LaunchScreen.storyboard; sourceTree = "<group>"; };
		403D12D91F2C6D990031853A /* Info.plist */ = {isa = PBXFileReference; lastKnownFileType = text.plist.xml; path = Info.plist; sourceTree = "<group>"; };
/* End PBXFileReference section */

/* Begin PBXFrameworksBuildPhase section */
		403D12C71F2C6D990031853A /* Frameworks */ = {
			isa = PBXFrameworksBuildPhase;
			buildActionMask = 2147483647;
			files = (
			);
			runOnlyForDeploymentPostprocessing = 0;
		};
/* End PBXFrameworksBuildPhase section */

/* Begin PBXGroup section */
		403D12C11F2C6D990031853A = {
			isa = PBXGroup;
			children = (
				403D12CC1F2C6D990031853A /* FunnyLetter */,
				403D12CB1F2C6D990031853A /* Products */,
			);
			sourceTree = "<group>";
		};
		403D12CB1F2C6D990031853A /* Products */ = {
			isa = PBXGroup;
			children = (
				403D12CA1F2C6D990031853A /* FunnyLetter.app */,
			);
			name = Products;
			sourceTree = "<group>";
		};
		403D12CC1F2C6D990031853A /* FunnyLetter */ = {
			isa = PBXGroup;
			children = (
				403D12CD1F2C6D990031853A /* AppDelegate.swift */,
				403D12CF1F2C6D990031853A /* ViewController.swift */,
				403D12D11F2C6D990031853A /* Main.storyboard */,
				403D12D41F2C6D990031853A /* Assets.xcassets */,
				403D12D61F2C6D990031853A /* LaunchScreen.storyboard */,
				403D12D91F2C6D990031853A /* Info.plist */,
			);
			path = FunnyLetter;
			sourceTree = "<group>";
		};
/* End PBXGroup section */

/* Begin PBXNativeTarget section */
		403D12C91F2C6D990031853A /* FunnyLetter */ = {
			isa = PBXNativeTarget;
			buildConfigurationList = 403D12DC1F2C6D990031853A /* Build configuration list for PBXNativeTarget "FunnyLetter" */;
			buildPhases = (
				403D12C61F2C6D990031853A /* Sources */,
				403D12C71F2C6D990031853A /* Frameworks */,
				403D12C81F2C6D990031853A /* Resources */,
			);
			buildRules = (
			);
			dependencies = (
			);
			name = FunnyLetter;
			productName = FunnyLetter;
			productReference = 403D12CA1F2C6D990031853A /* FunnyLetter.app */;
			productType = "com.apple.product-type.application";
		};
/* End PBXNativeTarget section */

/* Begin PBXProject section */
		403D12C21F2C6D990031853A /* Project object */ = {
			isa = PBXProject;
			attributes = {
				LastSwiftUpdateCheck = 0830;
				LastUpgradeCheck = 0830;
				ORGANIZATIONNAME = "Smaine Milianni";
				TargetAttributes = {
					403D12C91F2C6D990031853A = {
						CreatedOnToolsVersion = 8.3.3;
						ProvisioningStyle = Automatic;
					};
				};
			};
			buildConfigurationList = 403D12C51F2C6D990031853A /* Build configuration list for PBXProject "FunnyLetter" */;
			compatibilityVersion = "Xcode 3.2";
			developmentRegion = English;
			hasScannedForEncodings = 0;
			knownRegions = (
				en,
				Base,
			);
			mainGroup = 403D12C11F2C6D990031853A;
			productRefGroup = 403D12CB1F2C6D990031853A /* Products */;
			projectDirPath = "";
			projectRoot = "";
			targets = (
				403D12C91F2C6D990031853A /* FunnyLetter */,
			);
		};
/* End PBXProject section */

/* Begin PBXResourcesBuildPhase section */
		403D12C81F2C6D990031853A /* Resources */ = {
			isa = PBXResourcesBuildPhase;
			buildActionMask = 2147483647;
			files = (
				403D12D81F2C6D990031853A /* LaunchScreen.storyboard in Resources */,
				403D12D51F2C6D990031853A /* Assets.xcassets in Resources */,
				403D12D31F2C6D990031853A /* Main.storyboard in Resources */,
			);
			runOnlyForDeploymentPostprocessing = 0;
		};
/* End PBXResourcesBuildPhase section */

/* Begin PBXSourcesBuildPhase section */
		403D12C61F2C6D990031853A /* Sources */ = {
			isa = PBXSourcesBuildPhase;
			buildActionMask = 2147483647;
			files = (
				403D12D01F2C6D990031853A /* ViewController.swift in Sources */,
				403D12CE1F2C6D990031853A /* AppDelegate.swift in Sources */,
			);
			runOnlyForDeploymentPostprocessing = 0;
		};
/* End PBXSourcesBuildPhase section */

/* Begin PBXVariantGroup section */
		403D12D11F2C6D990031853A /* Main.storyboard */ = {
			isa = PBXVariantGroup;
			children = (
				403D12D21F2C6D990031853A /* Base */,
			);
			name = Main.storyboard;
			sourceTree = "<group>";
		};
		403D12D61F2C6D990031853A /* LaunchScreen.storyboard */ = {
			isa = PBXVariantGroup;
			children = (
				403D12D71F2C6D990031853A /* Base */,
			);
			name = LaunchScreen.storyboard;
			sourceTree = "<group>";
		};
/* End PBXVariantGroup section */

/* Begin XCBuildConfiguration section */
		403D12DA1F2C6D990031853A /* Debug */ = {
			isa = XCBuildConfiguration;
			buildSettings = {
				ALWAYS_SEARCH_USER_PATHS = NO;
				CLANG_ANALYZER_NONNULL = YES;
				CLANG_ANALYZER_NUMBER_OBJECT_CONVERSION = YES_AGGRESSIVE;
				CLANG_CXX_LANGUAGE_STANDARD = "gnu++0x";
				CLANG_CXX_LIBRARY = "libc++";
				CLANG_ENABLE_MODULES = YES;
				CLANG_ENABLE_OBJC_ARC = YES;
				CLANG_WARN_BOOL_CONVERSION = YES;
				CLANG_WARN_CONSTANT_CONVERSION = YES;
				CLANG_WARN_DIRECT_OBJC_ISA_USAGE = YES_ERROR;
				CLANG_WARN_DOCUMENTATION_COMMENTS = YES;
				CLANG_WARN_EMPTY_BODY = YES;
				CLANG_WARN_ENUM_CONVERSION = YES;
				CLANG_WARN_INFINITE_RECURSION = YES;
				CLANG_WARN_INT_CONVERSION = YES;
				CLANG_WARN_OBJC_ROOT_CLASS = YES_ERROR;
				CLANG_WARN_SUSPICIOUS_MOVE = YES;
				CLANG_WARN_UNREACHABLE_CODE = YES;
				CLANG_WARN__DUPLICATE_METHOD_MATCH = YES;
				"CODE_SIGN_IDENTITY[sdk=iphoneos*]" = "iPhone Developer";
				COPY_PHASE_STRIP = NO;
				DEBUG_INFORMATION_FORMAT = dwarf;
				ENABLE_STRICT_OBJC_MSGSEND = YES;
				ENABLE_TESTABILITY = YES;
				GCC_C_LANGUAGE_STANDARD = gnu99;
				GCC_DYNAMIC_NO_PIC = NO;
				GCC_NO_COMMON_BLOCKS = YES;
				GCC_OPTIMIZATION_LEVEL = 0;
				GCC_PREPROCESSOR_DEFINITIONS = (
					"DEBUG=1",
					"$(inherited)",
				);
				GCC_WARN_64_TO_32_BIT_CONVERSION = YES;
				GCC_WARN_ABOUT_RETURN_TYPE = YES_ERROR;
				GCC_WARN_UNDECLARED_SELECTOR = YES;
				GCC_WARN_UNINITIALIZED_AUTOS = YES_AGGRESSIVE;
				GCC_WARN_UNUSED_FUNCTION = YES;
				GCC_WARN_UNUSED_VARIABLE = YES;
				IPHONEOS_DEPLOYMENT_TARGET = 10.3;
				MTL_ENABLE_DEBUG_INFO = YES;
				ONLY_ACTIVE_ARCH = YES;
				SDKROOT = iphoneos;
				SWIFT_ACTIVE_COMPILATION_CONDITIONS = DEBUG;
				SWIFT_OPTIMIZATION_LEVEL = "-Onone";
				TARGETED_DEVICE_FAMILY = "1,2";
			};
			name = Debug;
		};
		403D12DB1F2C6D990031853A /* Release */ = {
			isa = XCBuildConfiguration;
			buildSettings = {
				ALWAYS_SEARCH_USER_PATHS = NO;
				CLANG_ANALYZER_NONNULL = YES;
				CLANG_ANALYZER_NUMBER_OBJECT_CONVERSION = YES_AGGRESSIVE;
				CLANG_CXX_LANGUAGE_STANDARD = "gnu++0x";
				CLANG_CXX_LIBRARY = "libc++";
				CLANG_ENABLE_MODULES = YES;
				CLANG_ENABLE_OBJC_ARC = YES;
				CLANG_WARN_BOOL_CONVERSION = YES;
				CLANG_WARN_CONSTANT_CONVERSION = YES;
				CLANG_WARN_DIRECT_OBJC_ISA_USAGE = YES_ERROR;
				CLANG_WARN_DOCUMENTATION_COMMENTS = YES;
				CLANG_WARN_EMPTY_BODY = YES;
				CLANG_WARN_ENUM_CONVERSION = YES;
				CLANG_WARN_INFINITE_RECURSION = YES;
				CLANG_WARN_INT_CONVERSION = YES;
				CLANG_WARN_OBJC_ROOT_CLASS = YES_ERROR;
				CLANG_WARN_SUSPICIOUS_MOVE = YES;
				CLANG_WARN_UNREACHABLE_CODE = YES;
				CLANG_WARN__DUPLICATE_METHOD_MATCH = YES;
				"CODE_SIGN_IDENTITY[sdk=iphoneos*]" = "iPhone Developer";
				COPY_PHASE_STRIP = NO;
				DEBUG_INFORMATION_FORMAT = "dwarf-with-dsym";
				ENABLE_NS_ASSERTIONS = NO;
				ENABLE_STRICT_OBJC_MSGSEND = YES;
				GCC_C_LANGUAGE_STANDARD = gnu99;
				GCC_NO_COMMON_BLOCKS = YES;
				GCC_WARN_64_TO_32_BIT_CONVERSION = YES;
				GCC_WARN_ABOUT_RETURN_TYPE = YES_ERROR;
				GCC_WARN_UNDECLARED_SELECTOR = YES;
				GCC_WARN_UNINITIALIZED_AUTOS = YES_AGGRESSIVE;
				GCC_WARN_UNUSED_FUNCTION = YES;
				GCC_WARN_UNUSED_VARIABLE = YES;
				IPHONEOS_DEPLOYMENT_TARGET = 10.3;
				MTL_ENABLE_DEBUG_INFO = NO;
				SDKROOT = iphoneos;
				SWIFT_OPTIMIZATION_LEVEL = "-Owholemodule";
				TARGETED_DEVICE_FAMILY = "1,2";
				VALIDATE_PRODUCT = YES;
			};
			name = Release;
		};
		403D12DD1F2C6D990031853A /* Debug */ = {
			isa = XCBuildConfiguration;
			buildSettings = {
				ASSETCATALOG_COMPILER_APPICON_NAME = AppIcon;
				INFOPLIST_FILE = FunnyLetter/Info.plist;
				LD_RUNPATH_SEARCH_PATHS = "$(inherited) @executable_path/Frameworks";
				PRODUCT_BUNDLE_IDENTIFIER = eniamsDev.FunnyLetter;
				PRODUCT_NAME = "$(TARGET_NAME)";
				SWIFT_VERSION = 3.0;
			};
			name = Debug;
		};
		403D12DE1F2C6D990031853A /* Release */ = {
			isa = XCBuildConfiguration;
			buildSettings = {
				ASSETCATALOG_COMPILER_APPICON_NAME = AppIcon;
				INFOPLIST_FILE = FunnyLetter/Info.plist;
				LD_RUNPATH_SEARCH_PATHS = "$(inherited) @executable_path/Frameworks";
				PRODUCT_BUNDLE_IDENTIFIER = eniamsDev.FunnyLetter;
				PRODUCT_NAME = "$(TARGET_NAME)";
				SWIFT_VERSION = 3.0;
			};
			name = Release;
		};
/* End XCBuildConfiguration section */

/* Begin XCConfigurationList section */
		403D12C51F2C6D990031853A /* Build configuration list for PBXProject "FunnyLetter" */ = {
			isa = XCConfigurationList;
			buildConfigurations = (
				403D12DA1F2C6D990031853A /* Debug */,
				403D12DB1F2C6D990031853A /* Release */,
			);
			defaultConfigurationIsVisible = 0;
			defaultConfigurationName = Release;
		};
		403D12DC1F2C6D990031853A /* Build configuration list for PBXNativeTarget "FunnyLetter" */ = {
			isa = XCConfigurationList;
			buildConfigurations = (
				403D12DD1F2C6D990031853A /* Debug */,
				403D12DE1F2C6D990031853A /* Release */,
			);
			defaultConfigurationIsVisible = 0;
		};
/* End XCConfigurationList section */
	};
	rootObject = 403D12C21F2C6D990031853A /* Project object */;
}
